
Microsoft Visual Studio Solution File, Format Version 12.00
# Visual Studio Version 17
VisualStudioVersion = 17.0.31903.59
MinimumVisualStudioVersion = 10.0.40219.1
Project("{FAE04EC0-301F-11D3-BF4B-00C04F79EFBC}") = "API", "API\API.csproj", "{270B72E5-DA2E-4117-BAA3-65475D5F1E37}"
EndProject
Global
	GlobalSection(SolutionConfigurationPlatforms) = preSolution
		Debug|Any CPU = Debug|Any CPU
		Debug|x64 = Debug|x64
		Debug|x86 = Debug|x86
		Release|Any CPU = Release|Any CPU
		Release|x64 = Release|x64
		Release|x86 = Release|x86
	EndGlobalSection
	GlobalSection(ProjectConfigurationPlatforms) = postSolution
		{270B72E5-DA2E-4117-BAA3-65475D5F1E37}.Debug|Any CPU.ActiveCfg = Debug|Any CPU
		{270B72E5-DA2E-4117-BAA3-65475D5F1E37}.Debug|Any CPU.Build.0 = Debug|Any CPU
		{270B72E5-DA2E-4117-BAA3-65475D5F1E37}.Debug|x64.ActiveCfg = Debug|Any CPU
		{270B72E5-DA2E-4117-BAA3-65475D5F1E37}.Debug|x64.Build.0 = Debug|Any CPU
		{270B72E5-DA2E-4117-BAA3-65475D5F1E37}.Debug|x86.ActiveCfg = Debug|Any CPU
		{270B72E5-DA2E-4117-BAA3-65475D5F1E37}.Debug|x86.Build.0 = Debug|Any CPU
		{270B72E5-DA2E-4117-BAA3-65475D5F1E37}.Release|Any CPU.ActiveCfg = Release|Any CPU
		{270B72E5-DA2E-4117-BAA3-65475D5F1E37}.Release|Any CPU.Build.0 = Release|Any CPU
		{270B72E5-DA2E-4117-BAA3-65475D5F1E37}.Release|x64.ActiveCfg = Release|Any CPU
		{270B72E5-DA2E-4117-BAA3-65475D5F1E37}.Release|x64.Build.0 = Release|Any CPU
		{270B72E5-DA2E-4117-BAA3-65475D5F1E37}.Release|x86.ActiveCfg = Release|Any CPU
		{270B72E5-DA2E-4117-BAA3-65475D5F1E37}.Release|x86.Build.0 = Release|Any CPU
	EndGlobalSection
	GlobalSection(SolutionProperties) = preSolution
		HideSolutionNode = FALSE
	EndGlobalSection
EndGlobal
